
Microsoft Visual Studio Solution File, Format Version 12.00
# Visual Studio Version 17
VisualStudioVersion = 17.9.34728.123
MinimumVisualStudioVersion = 10.0.40219.1
Project("{9A19103F-16F7-4668-BE54-9A1E7A4F7556}") = "ManeroBlazorAppv2", "ManeroBlazorAppv2\ManeroBlazorAppv2\ManeroBlazorAppv2.csproj", "{AAE91EFA-A7D6-48F4-A836-54CA9CDF58F7}"
EndProject
Project("{9A19103F-16F7-4668-BE54-9A1E7A4F7556}") = "ManeroBlazorAppv2.Client", "ManeroBlazorAppv2\ManeroBlazorAppv2.Client\ManeroBlazorAppv2.Client.csproj", "{F6D6B637-7614-4D84-A54A-7D93FF789B26}"
EndProject
Project("{9A19103F-16F7-4668-BE54-9A1E7A4F7556}") = "ManeroBlazorApp.Test", "ManeroBlazorApp.Test\ManeroBlazorApp.Test.csproj", "{AB594C99-E5DC-4523-BE8D-5412EE29E2B8}"
EndProject
Global
	GlobalSection(SolutionConfigurationPlatforms) = preSolution
		Debug|Any CPU = Debug|Any CPU
		Release|Any CPU = Release|Any CPU
	EndGlobalSection
	GlobalSection(ProjectConfigurationPlatforms) = postSolution
		{AAE91EFA-A7D6-48F4-A836-54CA9CDF58F7}.Debug|Any CPU.ActiveCfg = Debug|Any CPU
		{AAE91EFA-A7D6-48F4-A836-54CA9CDF58F7}.Debug|Any CPU.Build.0 = Debug|Any CPU
		{AAE91EFA-A7D6-48F4-A836-54CA9CDF58F7}.Release|Any CPU.ActiveCfg = Release|Any CPU
		{AAE91EFA-A7D6-48F4-A836-54CA9CDF58F7}.Release|Any CPU.Build.0 = Release|Any CPU
		{F6D6B637-7614-4D84-A54A-7D93FF789B26}.Debug|Any CPU.ActiveCfg = Debug|Any CPU
		{F6D6B637-7614-4D84-A54A-7D93FF789B26}.Debug|Any CPU.Build.0 = Debug|Any CPU
		{F6D6B637-7614-4D84-A54A-7D93FF789B26}.Release|Any CPU.ActiveCfg = Release|Any CPU
		{F6D6B637-7614-4D84-A54A-7D93FF789B26}.Release|Any CPU.Build.0 = Release|Any CPU
		{AB594C99-E5DC-4523-BE8D-5412EE29E2B8}.Debug|Any CPU.ActiveCfg = Debug|Any CPU
		{AB594C99-E5DC-4523-BE8D-5412EE29E2B8}.Debug|Any CPU.Build.0 = Debug|Any CPU
		{AB594C99-E5DC-4523-BE8D-5412EE29E2B8}.Release|Any CPU.ActiveCfg = Release|Any CPU
		{AB594C99-E5DC-4523-BE8D-5412EE29E2B8}.Release|Any CPU.Build.0 = Release|Any CPU
	EndGlobalSection
	GlobalSection(SolutionProperties) = preSolution
		HideSolutionNode = FALSE
	EndGlobalSection
	GlobalSection(ExtensibilityGlobals) = postSolution
		SolutionGuid = {9AF09311-448F-4E59-8EDC-015A0E179046}
	EndGlobalSection
EndGlobal
